
Microsoft Visual Studio Solution File, Format Version 12.00
# Visual Studio Version 17
VisualStudioVersion = 17.13.35818.85 d17.13
MinimumVisualStudioVersion = 10.0.40219.1
Project("{FAE04EC0-301F-11D3-BF4B-00C04F79EFBC}") = "AcunMedyaTravelProject", "AcunMedyaTravelProject\AcunMedyaTravelProject.csproj", "{53832F68-99BD-4DF8-B58B-90831514657A}"
EndProject
Global
	GlobalSection(SolutionConfigurationPlatforms) = preSolution
		Debug|Any CPU = Debug|Any CPU
		Release|Any CPU = Release|Any CPU
	EndGlobalSection
	GlobalSection(ProjectConfigurationPlatforms) = postSolution
		{53832F68-99BD-4DF8-B58B-90831514657A}.Debug|Any CPU.ActiveCfg = Debug|Any CPU
		{53832F68-99BD-4DF8-B58B-90831514657A}.Debug|Any CPU.Build.0 = Debug|Any CPU
		{53832F68-99BD-4DF8-B58B-90831514657A}.Release|Any CPU.ActiveCfg = Release|Any CPU
		{53832F68-99BD-4DF8-B58B-90831514657A}.Release|Any CPU.Build.0 = Release|Any CPU
	EndGlobalSection
	GlobalSection(SolutionProperties) = preSolution
		HideSolutionNode = FALSE
	EndGlobalSection
	GlobalSection(ExtensibilityGlobals) = postSolution
		SolutionGuid = {EA3CEEB5-2408-42A0-BE7D-BBD980BD2B66}
	EndGlobalSection
EndGlobal
